// !$*UTF8*$!
{
	archiveVersion = 1;
	classes = {
	};
	objectVersion = 77;
	objects = {

/* Begin PBXBuildFile section */
		176425582E4E9073005C8526 /* NewsVM.swift in Sources */ = {isa = PBXBuildFile; fileRef = 176425572E4E8CBD005C8526 /* NewsVM.swift */; };
		176425592E4E9081005C8526 /* ApiClient.swift in Sources */ = {isa = PBXBuildFile; fileRef = 176425562E4E8CA5005C8526 /* ApiClient.swift */; };
		1764255A2E4E9085005C8526 /* Models.swift in Sources */ = {isa = PBXBuildFile; fileRef = 176425552E4E8C80005C8526 /* Models.swift */; };
		1764255B2E4E9089005C8526 /* AuthVM.swift in Sources */ = {isa = PBXBuildFile; fileRef = 1764255C2E4E8C90005C8526 /* AuthVM.swift */; };
		1764255E2E4E9089005C8526 /* Assets.xcassets in Resources */ = {isa = PBXBuildFile; fileRef = 1764255D2E4E8C90005C8526 /* Assets.xcassets */; };
/* End PBXBuildFile section */

/* Begin PBXContainerItemProxy section */
		176425362E4E8A41005C8526 /* PBXContainerItemProxy */ = {
			isa = PBXContainerItemProxy;
			containerPortal = 176425202E4E8A3F005C8526 /* Project object */;
			proxyType = 1;
			remoteGlobalIDString = 176425272E4E8A3F005C8526;
			remoteInfo = FetchNews;
		};
		176425402E4E8A41005C8526 /* PBXContainerItemProxy */ = {
			isa = PBXContainerItemProxy;
			containerPortal = 176425202E4E8A3F005C8526 /* Project object */;
			proxyType = 1;
			remoteGlobalIDString = 176425272E4E8A3F005C8526;
			remoteInfo = FetchNews;
		};
/* End PBXContainerItemProxy section */

/* Begin PBXFileReference section */
		176425282E4E8A3F005C8526 /* FetchNews.app */ = {isa = PBXFileReference; explicitFileType = wrapper.application; includeInIndex = 0; path = FetchNews.app; sourceTree = BUILT_PRODUCTS_DIR; };
		176425352E4E8A41005C8526 /* FetchNewsTests.xctest */ = {isa = PBXFileReference; explicitFileType = wrapper.cfbundle; includeInIndex = 0; path = FetchNewsTests.xctest; sourceTree = BUILT_PRODUCTS_DIR; };
		1764253F2E4E8A41005C8526 /* FetchNewsUITests.xctest */ = {isa = PBXFileReference; explicitFileType = wrapper.cfbundle; includeInIndex = 0; path = FetchNewsUITests.xctest; sourceTree = BUILT_PRODUCTS_DIR; };
		176425552E4E8C80005C8526 /* Models.swift */ = {isa = PBXFileReference; lastKnownFileType = sourcecode.swift; path = Models.swift; sourceTree = "<group>"; };
		176425562E4E8CA5005C8526 /* ApiClient.swift */ = {isa = PBXFileReference; lastKnownFileType = sourcecode.swift; path = ApiClient.swift; sourceTree = "<group>"; };
		176425572E4E8CBD005C8526 /* NewsVM.swift */ = {isa = PBXFileReference; lastKnownFileType = sourcecode.swift; path = NewsVM.swift; sourceTree = "<group>"; };
		1764255C2E4E8C90005C8526 /* AuthVM.swift */ = {isa = PBXFileReference; lastKnownFileType = sourcecode.swift; path = AuthVM.swift; sourceTree = "<group>"; };
		1764255D2E4E8C90005C8526 /* Assets.xcassets */ = {isa = PBXFileReference; lastKnownFileType = folder.assetcatalog; path = Assets.xcassets; sourceTree = "<group>"; };
/* End PBXFileReference section */

/* Begin PBXFileSystemSynchronizedBuildFileExceptionSet section */
		176425532E4E8B56005C8526 /* Exceptions for "FetchNews" folder in "FetchNews" target */ = {
			isa = PBXFileSystemSynchronizedBuildFileExceptionSet;
			membershipExceptions = (
				Info.plist,
			);
			target = 176425272E4E8A3F005C8526 /* FetchNews */;
		};
/* End PBXFileSystemSynchronizedBuildFileExceptionSet section */

/* Begin PBXFileSystemSynchronizedRootGroup section */
		1764252A2E4E8A3F005C8526 /* FetchNews */ = {
			isa = PBXFileSystemSynchronizedRootGroup;
			exceptions = (
				176425532E4E8B56005C8526 /* Exceptions for "FetchNews" folder in "FetchNews" target */,
			);
			path = FetchNews;
			sourceTree = "<group>";
		};
		176425382E4E8A41005C8526 /* FetchNewsTests */ = {
			isa = PBXFileSystemSynchronizedRootGroup;
			path = FetchNewsTests;
			sourceTree = "<group>";
		};
		176425422E4E8A41005C8526 /* FetchNewsUITests */ = {
			isa = PBXFileSystemSynchronizedRootGroup;
			path = FetchNewsUITests;
			sourceTree = "<group>";
		};
/* End PBXFileSystemSynchronizedRootGroup section */

/* Begin PBXFrameworksBuildPhase section */
		176425252E4E8A3F005C8526 /* Frameworks */ = {
			isa = PBXFrameworksBuildPhase;
			buildActionMask = 2147483647;
			files = (
			);
			runOnlyForDeploymentPostprocessing = 0;
		};
		176425322E4E8A41005C8526 /* Frameworks */ = {
			isa = PBXFrameworksBuildPhase;
			buildActionMask = 2147483647;
			files = (
			);
			runOnlyForDeploymentPostprocessing = 0;
		};
		1764253C2E4E8A41005C8526 /* Frameworks */ = {
			isa = PBXFrameworksBuildPhase;
			buildActionMask = 2147483647;
			files = (
			);
			runOnlyForDeploymentPostprocessing = 0;
		};
/* End PBXFrameworksBuildPhase section */

/* Begin PBXGroup section */
		17428E762EA1C9DD004F201C /* Recovered References */ = {
			isa = PBXGroup;
			children = (
				1764255D2E4E8C90005C8526 /* Assets.xcassets */,
			);
			name = "Recovered References";
			sourceTree = "<group>";
		};
		1764251F2E4E8A3F005C8526 = {
			isa = PBXGroup;
			children = (
				176425542E4E8C67005C8526 /* App */,
				1764252A2E4E8A3F005C8526 /* FetchNews */,
				176425382E4E8A41005C8526 /* FetchNewsTests */,
				176425422E4E8A41005C8526 /* FetchNewsUITests */,
				176425292E4E8A3F005C8526 /* Products */,
				17428E762EA1C9DD004F201C /* Recovered References */,
			);
			sourceTree = "<group>";
		};
		176425292E4E8A3F005C8526 /* Products */ = {
			isa = PBXGroup;
			children = (
				176425282E4E8A3F005C8526 /* FetchNews.app */,
				176425352E4E8A41005C8526 /* FetchNewsTests.xctest */,
				1764253F2E4E8A41005C8526 /* FetchNewsUITests.xctest */,
			);
			name = Products;
			sourceTree = "<group>";
		};
		176425542E4E8C67005C8526 /* App */ = {
			isa = PBXGroup;
			children = (
				176425572E4E8CBD005C8526 /* NewsVM.swift */,
				176425562E4E8CA5005C8526 /* ApiClient.swift */,
				176425552E4E8C80005C8526 /* Models.swift */,
				1764255C2E4E8C90005C8526 /* AuthVM.swift */,
			);
			path = App;
			sourceTree = "<group>";
		};
/* End PBXGroup section */

/* Begin PBXNativeTarget section */
		176425272E4E8A3F005C8526 /* FetchNews */ = {
			isa = PBXNativeTarget;
			buildConfigurationList = 176425492E4E8A41005C8526 /* Build configuration list for PBXNativeTarget "FetchNews" */;
			buildPhases = (
				176425242E4E8A3F005C8526 /* Sources */,
				176425252E4E8A3F005C8526 /* Frameworks */,
				176425262E4E8A3F005C8526 /* Resources */,
			);
			buildRules = (
			);
			dependencies = (
			);
			fileSystemSynchronizedGroups = (
				1764252A2E4E8A3F005C8526 /* FetchNews */,
			);
			name = FetchNews;
			packageProductDependencies = (
			);
			productName = FetchNews;
			productReference = 176425282E4E8A3F005C8526 /* FetchNews.app */;
			productType = "com.apple.product-type.application";
		};
		176425342E4E8A41005C8526 /* FetchNewsTests */ = {
			isa = PBXNativeTarget;
			buildConfigurationList = 1764254C2E4E8A41005C8526 /* Build configuration list for PBXNativeTarget "FetchNewsTests" */;
			buildPhases = (
				176425312E4E8A41005C8526 /* Sources */,
				176425322E4E8A41005C8526 /* Frameworks */,
				176425332E4E8A41005C8526 /* Resources */,
			);
			buildRules = (
			);
			dependencies = (
				176425372E4E8A41005C8526 /* PBXTargetDependency */,
			);
			fileSystemSynchronizedGroups = (
				176425382E4E8A41005C8526 /* FetchNewsTests */,
			);
			name = FetchNewsTests;
			packageProductDependencies = (
			);
			productName = FetchNewsTests;
			productReference = 176425352E4E8A41005C8526 /* FetchNewsTests.xctest */;
			productType = "com.apple.product-type.bundle.unit-test";
		};
		1764253E2E4E8A41005C8526 /* FetchNewsUITests */ = {
			isa = PBXNativeTarget;
			buildConfigurationList = 1764254F2E4E8A41005C8526 /* Build configuration list for PBXNativeTarget "FetchNewsUITests" */;
			buildPhases = (
				1764253B2E4E8A41005C8526 /* Sources */,
				1764253C2E4E8A41005C8526 /* Frameworks */,
				1764253D2E4E8A41005C8526 /* Resources */,
			);
			buildRules = (
			);
			dependencies = (
				176425412E4E8A41005C8526 /* PBXTargetDependency */,
			);
			fileSystemSynchronizedGroups = (
				176425422E4E8A41005C8526 /* FetchNewsUITests */,
			);
			name = FetchNewsUITests;
			packageProductDependencies = (
			);
			productName = FetchNewsUITests;
			productReference = 1764253F2E4E8A41005C8526 /* FetchNewsUITests.xctest */;
			productType = "com.apple.product-type.bundle.ui-testing";
		};
/* End PBXNativeTarget section */

/* Begin PBXProject section */
		176425202E4E8A3F005C8526 /* Project object */ = {
			isa = PBXProject;
			attributes = {
				BuildIndependentTargetsInParallel = 1;
				LastSwiftUpdateCheck = 1640;
				LastUpgradeCheck = 1640;
				TargetAttributes = {
					176425272E4E8A3F005C8526 = {
						CreatedOnToolsVersion = 16.4;
					};
					176425342E4E8A41005C8526 = {
						CreatedOnToolsVersion = 16.4;
						TestTargetID = 176425272E4E8A3F005C8526;
					};
					1764253E2E4E8A41005C8526 = {
						CreatedOnToolsVersion = 16.4;
						TestTargetID = 176425272E4E8A3F005C8526;
					};
				};
			};
			buildConfigurationList = 176425232E4E8A3F005C8526 /* Build configuration list for PBXProject "FetchNews" */;
			developmentRegion = en;
			hasScannedForEncodings = 0;
			knownRegions = (
				en,
				Base,
			);
			mainGroup = 1764251F2E4E8A3F005C8526;
			minimizedProjectReferenceProxies = 1;
			preferredProjectObjectVersion = 77;
			productRefGroup = 176425292E4E8A3F005C8526 /* Products */;
			projectDirPath = "";
			projectRoot = "";
			targets = (
				176425272E4E8A3F005C8526 /* FetchNews */,
				176425342E4E8A41005C8526 /* FetchNewsTests */,
				1764253E2E4E8A41005C8526 /* FetchNewsUITests */,
			);
		};
/* End PBXProject section */

/* Begin PBXResourcesBuildPhase section */
		176425262E4E8A3F005C8526 /* Resources */ = {
			isa = PBXResourcesBuildPhase;
			buildActionMask = 2147483647;
			files = (
				1764255E2E4E9089005C8526 /* Assets.xcassets in Resources */,
			);
			runOnlyForDeploymentPostprocessing = 0;
		};
		176425332E4E8A41005C8526 /* Resources */ = {
			isa = PBXResourcesBuildPhase;
			buildActionMask = 2147483647;
			files = (
			);
			runOnlyForDeploymentPostprocessing = 0;
		};
		1764253D2E4E8A41005C8526 /* Resources */ = {
			isa = PBXResourcesBuildPhase;
			buildActionMask = 2147483647;
			files = (
			);
			runOnlyForDeploymentPostprocessing = 0;
		};
/* End PBXResourcesBuildPhase section */

/* Begin PBXSourcesBuildPhase section */
		176425242E4E8A3F005C8526 /* Sources */ = {
			isa = PBXSourcesBuildPhase;
			buildActionMask = 2147483647;
			files = (
				176425582E4E9073005C8526 /* NewsVM.swift in Sources */,
				176425592E4E9081005C8526 /* ApiClient.swift in Sources */,
				1764255A2E4E9085005C8526 /* Models.swift in Sources */,
				1764255B2E4E9089005C8526 /* AuthVM.swift in Sources */,
			);
			runOnlyForDeploymentPostprocessing = 0;
		};
		176425312E4E8A41005C8526 /* Sources */ = {
			isa = PBXSourcesBuildPhase;
			buildActionMask = 2147483647;
			files = (
			);
			runOnlyForDeploymentPostprocessing = 0;
		};
		1764253B2E4E8A41005C8526 /* Sources */ = {
			isa = PBXSourcesBuildPhase;
			buildActionMask = 2147483647;
			files = (
			);
			runOnlyForDeploymentPostprocessing = 0;
		};
/* End PBXSourcesBuildPhase section */

/* Begin PBXTargetDependency section */
		176425372E4E8A41005C8526 /* PBXTargetDependency */ = {
			isa = PBXTargetDependency;
			target = 176425272E4E8A3F005C8526 /* FetchNews */;
			targetProxy = 176425362E4E8A41005C8526 /* PBXContainerItemProxy */;
		};
		176425412E4E8A41005C8526 /* PBXTargetDependency */ = {
			isa = PBXTargetDependency;
			target = 176425272E4E8A3F005C8526 /* FetchNews */;
			targetProxy = 176425402E4E8A41005C8526 /* PBXContainerItemProxy */;
		};
/* End PBXTargetDependency section */

/* Begin XCBuildConfiguration section */
		176425472E4E8A41005C8526 /* Debug */ = {
			isa = XCBuildConfiguration;
			buildSettings = {
				ALWAYS_SEARCH_USER_PATHS = NO;
				ASSETCATALOG_COMPILER_GENERATE_SWIFT_ASSET_SYMBOL_EXTENSIONS = YES;
				CLANG_ANALYZER_NONNULL = YES;
				CLANG_ANALYZER_NUMBER_OBJECT_CONVERSION = YES_AGGRESSIVE;
				CLANG_CXX_LANGUAGE_STANDARD = "gnu++20";
				CLANG_ENABLE_MODULES = YES;
				CLANG_ENABLE_OBJC_ARC = YES;
				CLANG_ENABLE_OBJC_WEAK = YES;
				CLANG_WARN_BLOCK_CAPTURE_AUTORELEASING = YES;
				CLANG_WARN_BOOL_CONVERSION = YES;
				CLANG_WARN_COMMA = YES;
				CLANG_WARN_CONSTANT_CONVERSION = YES;
				CLANG_WARN_DEPRECATED_OBJC_IMPLEMENTATIONS = YES;
				CLANG_WARN_DIRECT_OBJC_ISA_USAGE = YES_ERROR;
				CLANG_WARN_DOCUMENTATION_COMMENTS = YES;
				CLANG_WARN_EMPTY_BODY = YES;
				CLANG_WARN_ENUM_CONVERSION = YES;
				CLANG_WARN_INFINITE_RECURSION = YES;
				CLANG_WARN_INT_CONVERSION = YES;
				CLANG_WARN_NON_LITERAL_NULL_CONVERSION = YES;
				CLANG_WARN_OBJC_IMPLICIT_RETAIN_SELF = YES;
				CLANG_WARN_OBJC_LITERAL_CONVERSION = YES;
				CLANG_WARN_OBJC_ROOT_CLASS = YES_ERROR;
				CLANG_WARN_QUOTED_INCLUDE_IN_FRAMEWORK_HEADER = YES;
				CLANG_WARN_RANGE_LOOP_ANALYSIS = YES;
				CLANG_WARN_STRICT_PROTOTYPES = YES;
				CLANG_WARN_SUSPICIOUS_MOVE = YES;
				CLANG_WARN_UNGUARDED_AVAILABILITY = YES_AGGRESSIVE;
				CLANG_WARN_UNREACHABLE_CODE = YES;
				CLANG_WARN__DUPLICATE_METHOD_MATCH = YES;
				COPY_PHASE_STRIP = NO;
				DEBUG_INFORMATION_FORMAT = dwarf;
				ENABLE_STRICT_OBJC_MSGSEND = YES;
				ENABLE_TESTABILITY = YES;
				ENABLE_USER_SCRIPT_SANDBOXING = YES;
				GCC_C_LANGUAGE_STANDARD = gnu17;
				GCC_DYNAMIC_NO_PIC = NO;
				GCC_NO_COMMON_BLOCKS = YES;
				GCC_OPTIMIZATION_LEVEL = 0;
				GCC_PREPROCESSOR_DEFINITIONS = (
					"DEBUG=1",
					"$(inherited)",
				);
				GCC_WARN_64_TO_32_BIT_CONVERSION = YES;
				GCC_WARN_ABOUT_RETURN_TYPE = YES_ERROR;
				GCC_WARN_UNDECLARED_SELECTOR = YES;
				GCC_WARN_UNINITIALIZED_AUTOS = YES_AGGRESSIVE;
				GCC_WARN_UNUSED_FUNCTION = YES;
				GCC_WARN_UNUSED_VARIABLE = YES;
				IPHONEOS_DEPLOYMENT_TARGET = 18.5;
				LOCALIZATION_PREFERS_STRING_CATALOGS = YES;
				MTL_ENABLE_DEBUG_INFO = INCLUDE_SOURCE;
				MTL_FAST_MATH = YES;
				ONLY_ACTIVE_ARCH = YES;
				SDKROOT = iphoneos;
				SWIFT_ACTIVE_COMPILATION_CONDITIONS = "DEBUG $(inherited)";
				SWIFT_OPTIMIZATION_LEVEL = "-Onone";
			};
			name = Debug;
		};
		176425482E4E8A41005C8526 /* Release */ = {
			isa = XCBuildConfiguration;
			buildSettings = {
				ALWAYS_SEARCH_USER_PATHS = NO;
				ASSETCATALOG_COMPILER_GENERATE_SWIFT_ASSET_SYMBOL_EXTENSIONS = YES;
				CLANG_ANALYZER_NONNULL = YES;
				CLANG_ANALYZER_NUMBER_OBJECT_CONVERSION = YES_AGGRESSIVE;
				CLANG_CXX_LANGUAGE_STANDARD = "gnu++20";
				CLANG_ENABLE_MODULES = YES;
				CLANG_ENABLE_OBJC_ARC = YES;
				CLANG_ENABLE_OBJC_WEAK = YES;
				CLANG_WARN_BLOCK_CAPTURE_AUTORELEASING = YES;
				CLANG_WARN_BOOL_CONVERSION = YES;
				CLANG_WARN_COMMA = YES;
				CLANG_WARN_CONSTANT_CONVERSION = YES;
				CLANG_WARN_DEPRECATED_OBJC_IMPLEMENTATIONS = YES;
				CLANG_WARN_DIRECT_OBJC_ISA_USAGE = YES_ERROR;
				CLANG_WARN_DOCUMENTATION_COMMENTS = YES;
				CLANG_WARN_EMPTY_BODY = YES;
				CLANG_WARN_ENUM_CONVERSION = YES;
				CLANG_WARN_INFINITE_RECURSION = YES;
				CLANG_WARN_INT_CONVERSION = YES;
				CLANG_WARN_NON_LITERAL_NULL_CONVERSION = YES;
				CLANG_WARN_OBJC_IMPLICIT_RETAIN_SELF = YES;
				CLANG_WARN_OBJC_LITERAL_CONVERSION = YES;
				CLANG_WARN_OBJC_ROOT_CLASS = YES_ERROR;
				CLANG_WARN_QUOTED_INCLUDE_IN_FRAMEWORK_HEADER = YES;
				CLANG_WARN_RANGE_LOOP_ANALYSIS = YES;
				CLANG_WARN_STRICT_PROTOTYPES = YES;
				CLANG_WARN_SUSPICIOUS_MOVE = YES;
				CLANG_WARN_UNGUARDED_AVAILABILITY = YES_AGGRESSIVE;
				CLANG_WARN_UNREACHABLE_CODE = YES;
				CLANG_WARN__DUPLICATE_METHOD_MATCH = YES;
				COPY_PHASE_STRIP = NO;
				DEBUG_INFORMATION_FORMAT = "dwarf-with-dsym";
				ENABLE_NS_ASSERTIONS = NO;
				ENABLE_STRICT_OBJC_MSGSEND = YES;
				ENABLE_USER_SCRIPT_SANDBOXING = YES;
				GCC_C_LANGUAGE_STANDARD = gnu17;
				GCC_NO_COMMON_BLOCKS = YES;
				GCC_WARN_64_TO_32_BIT_CONVERSION = YES;
				GCC_WARN_ABOUT_RETURN_TYPE = YES_ERROR;
				GCC_WARN_UNDECLARED_SELECTOR = YES;
				GCC_WARN_UNINITIALIZED_AUTOS = YES_AGGRESSIVE;
				GCC_WARN_UNUSED_FUNCTION = YES;
				GCC_WARN_UNUSED_VARIABLE = YES;
				IPHONEOS_DEPLOYMENT_TARGET = 18.5;
				LOCALIZATION_PREFERS_STRING_CATALOGS = YES;
				MTL_ENABLE_DEBUG_INFO = NO;
				MTL_FAST_MATH = YES;
				SDKROOT = iphoneos;
				SWIFT_COMPILATION_MODE = wholemodule;
				VALIDATE_PRODUCT = YES;
			};
			name = Release;
		};
		1764254A2E4E8A41005C8526 /* Debug */ = {
			isa = XCBuildConfiguration;
			buildSettings = {
				ASSETCATALOG_COMPILER_APPICON_NAME = AppIcon;
				ASSETCATALOG_COMPILER_GLOBAL_ACCENT_COLOR_NAME = AccentColor;
				ASSETCATALOG_COMPILER_INCLUDE_ALL_APPICON_ASSETS = NO;
				CODE_SIGN_STYLE = Automatic;
				CURRENT_PROJECT_VERSION = 14;
				DEVELOPMENT_TEAM = 834624ZZ4N;
				ENABLE_PREVIEWS = YES;
				GENERATE_INFOPLIST_FILE = YES;
				INFOPLIST_FILE = FetchNews/Info.plist;
				INFOPLIST_KEY_UIApplicationSceneManifest_Generation = YES;
				INFOPLIST_KEY_UIApplicationSupportsIndirectInputEvents = YES;
				INFOPLIST_KEY_UILaunchScreen_Generation = YES;
				INFOPLIST_KEY_UILaunchStoryboardName = LaunchScreen;
				INFOPLIST_KEY_UISupportedInterfaceOrientations = UIInterfaceOrientationPortrait;
				INFOPLIST_KEY_UISupportedInterfaceOrientations_iPad = "UIInterfaceOrientationLandscapeLeft UIInterfaceOrientationLandscapeRight UIInterfaceOrientationPortrait UIInterfaceOrientationPortraitUpsideDown";
				LD_RUNPATH_SEARCH_PATHS = (
					"$(inherited)",
					"@executable_path/Frameworks",
				);
				MARKETING_VERSION = 1.0;
				PRODUCT_BUNDLE_IDENTIFIER = com.finlaysmith.FetchNews;
				PRODUCT_NAME = "$(TARGET_NAME)";
				SWIFT_EMIT_LOC_STRINGS = YES;
				SWIFT_VERSION = 5.0;
				TARGETED_DEVICE_FAMILY = "1,2";
			};
			name = Debug;
		};
		1764254B2E4E8A41005C8526 /* Release */ = {
			isa = XCBuildConfiguration;
			buildSettings = {
				ASSETCATALOG_COMPILER_APPICON_NAME = AppIcon;
				ASSETCATALOG_COMPILER_GLOBAL_ACCENT_COLOR_NAME = AccentColor;
				ASSETCATALOG_COMPILER_INCLUDE_ALL_APPICON_ASSETS = NO;
				CODE_SIGN_STYLE = Automatic;
				CURRENT_PROJECT_VERSION = 14;
				DEVELOPMENT_TEAM = 834624ZZ4N;
				ENABLE_PREVIEWS = YES;
				GENERATE_INFOPLIST_FILE = YES;
				INFOPLIST_FILE = FetchNews/Info.plist;
				INFOPLIST_KEY_UIApplicationSceneManifest_Generation = YES;
				INFOPLIST_KEY_UIApplicationSupportsIndirectInputEvents = YES;
				INFOPLIST_KEY_UILaunchScreen_Generation = YES;
				INFOPLIST_KEY_UILaunchStoryboardName = LaunchScreen;
				INFOPLIST_KEY_UISupportedInterfaceOrientations = UIInterfaceOrientationPortrait;
				INFOPLIST_KEY_UISupportedInterfaceOrientations_iPad = "UIInterfaceOrientationLandscapeLeft UIInterfaceOrientationLandscapeRight UIInterfaceOrientationPortrait UIInterfaceOrientationPortraitUpsideDown";
				LD_RUNPATH_SEARCH_PATHS = (
					"$(inherited)",
					"@executable_path/Frameworks",
				);
				MARKETING_VERSION = 1.0;
				PRODUCT_BUNDLE_IDENTIFIER = com.finlaysmith.FetchNews;
				PRODUCT_NAME = "$(TARGET_NAME)";
				SWIFT_EMIT_LOC_STRINGS = YES;
				SWIFT_VERSION = 5.0;
				TARGETED_DEVICE_FAMILY = "1,2";
			};
			name = Release;
		};
		1764254D2E4E8A41005C8526 /* Debug */ = {
			isa = XCBuildConfiguration;
			buildSettings = {
				BUNDLE_LOADER = "$(TEST_HOST)";
				CODE_SIGN_STYLE = Automatic;
				CURRENT_PROJECT_VERSION = 14;
				GENERATE_INFOPLIST_FILE = YES;
				IPHONEOS_DEPLOYMENT_TARGET = 18.5;
				MARKETING_VERSION = 1.0;
				PRODUCT_BUNDLE_IDENTIFIER = com.finlaysmith.FetchNewsTests;
				PRODUCT_NAME = "$(TARGET_NAME)";
				SWIFT_EMIT_LOC_STRINGS = NO;
				SWIFT_VERSION = 5.0;
				TARGETED_DEVICE_FAMILY = "1,2";
				TEST_HOST = "$(BUILT_PRODUCTS_DIR)/FetchNews.app/$(BUNDLE_EXECUTABLE_FOLDER_PATH)/FetchNews";
			};
			name = Debug;
		};
		1764254E2E4E8A41005C8526 /* Release */ = {
			isa = XCBuildConfiguration;
			buildSettings = {
				BUNDLE_LOADER = "$(TEST_HOST)";
				CODE_SIGN_STYLE = Automatic;
				CURRENT_PROJECT_VERSION = 14;
				GENERATE_INFOPLIST_FILE = YES;
				IPHONEOS_DEPLOYMENT_TARGET = 18.5;
				MARKETING_VERSION = 1.0;
				PRODUCT_BUNDLE_IDENTIFIER = com.finlaysmith.FetchNewsTests;
				PRODUCT_NAME = "$(TARGET_NAME)";
				SWIFT_EMIT_LOC_STRINGS = NO;
				SWIFT_VERSION = 5.0;
				TARGETED_DEVICE_FAMILY = "1,2";
				TEST_HOST = "$(BUILT_PRODUCTS_DIR)/FetchNews.app/$(BUNDLE_EXECUTABLE_FOLDER_PATH)/FetchNews";
			};
			name = Release;
		};
		176425502E4E8A41005C8526 /* Debug */ = {
			isa = XCBuildConfiguration;
			buildSettings = {
				CODE_SIGN_STYLE = Automatic;
				CURRENT_PROJECT_VERSION = 14;
				GENERATE_INFOPLIST_FILE = YES;
				MARKETING_VERSION = 1.0;
				PRODUCT_BUNDLE_IDENTIFIER = com.finlaysmith.FetchNewsUITests;
				PRODUCT_NAME = "$(TARGET_NAME)";
				SWIFT_EMIT_LOC_STRINGS = NO;
				SWIFT_VERSION = 5.0;
				TARGETED_DEVICE_FAMILY = "1,2";
				TEST_TARGET_NAME = FetchNews;
			};
			name = Debug;
		};
		176425512E4E8A41005C8526 /* Release */ = {
			isa = XCBuildConfiguration;
			buildSettings = {
				CODE_SIGN_STYLE = Automatic;
				CURRENT_PROJECT_VERSION = 14;
				GENERATE_INFOPLIST_FILE = YES;
				MARKETING_VERSION = 1.0;
				PRODUCT_BUNDLE_IDENTIFIER = com.finlaysmith.FetchNewsUITests;
				PRODUCT_NAME = "$(TARGET_NAME)";
				SWIFT_EMIT_LOC_STRINGS = NO;
				SWIFT_VERSION = 5.0;
				TARGETED_DEVICE_FAMILY = "1,2";
				TEST_TARGET_NAME = FetchNews;
			};
			name = Release;
		};
/* End XCBuildConfiguration section */

/* Begin XCConfigurationList section */
		176425232E4E8A3F005C8526 /* Build configuration list for PBXProject "FetchNews" */ = {
			isa = XCConfigurationList;
			buildConfigurations = (
				176425472E4E8A41005C8526 /* Debug */,
				176425482E4E8A41005C8526 /* Release */,
			);
			defaultConfigurationIsVisible = 0;
			defaultConfigurationName = Release;
		};
		176425492E4E8A41005C8526 /* Build configuration list for PBXNativeTarget "FetchNews" */ = {
			isa = XCConfigurationList;
			buildConfigurations = (
				1764254A2E4E8A41005C8526 /* Debug */,
				1764254B2E4E8A41005C8526 /* Release */,
			);
			defaultConfigurationIsVisible = 0;
			defaultConfigurationName = Release;
		};
		1764254C2E4E8A41005C8526 /* Build configuration list for PBXNativeTarget "FetchNewsTests" */ = {
			isa = XCConfigurationList;
			buildConfigurations = (
				1764254D2E4E8A41005C8526 /* Debug */,
				1764254E2E4E8A41005C8526 /* Release */,
			);
			defaultConfigurationIsVisible = 0;
			defaultConfigurationName = Release;
		};
		1764254F2E4E8A41005C8526 /* Build configuration list for PBXNativeTarget "FetchNewsUITests" */ = {
			isa = XCConfigurationList;
			buildConfigurations = (
				176425502E4E8A41005C8526 /* Debug */,
				176425512E4E8A41005C8526 /* Release */,
			);
			defaultConfigurationIsVisible = 0;
			defaultConfigurationName = Release;
		};
/* End XCConfigurationList section */
	};
	rootObject = 176425202E4E8A3F005C8526 /* Project object */;
}
